
Microsoft Visual Studio Solution File, Format Version 12.00
# Visual Studio 15
VisualStudioVersion = 15.0.28307.1000
MinimumVisualStudioVersion = 10.0.40219.1
Project("{8BC9CEB8-8B4A-11D0-8D11-00A0C91BC942}") = "JuegoDeVidaVarios", "JuegoDeVidaVarios\JuegoDeVidaVarios.vcxproj", "{F5FE74E2-3BE9-4AF0-924C-1EC820BF6E28}"
EndProject
Global
	GlobalSection(SolutionConfigurationPlatforms) = preSolution
		Debug|x64 = Debug|x64
		Release|x64 = Release|x64
	EndGlobalSection
	GlobalSection(ProjectConfigurationPlatforms) = postSolution
		{F5FE74E2-3BE9-4AF0-924C-1EC820BF6E28}.Debug|x64.ActiveCfg = Debug|x64
		{F5FE74E2-3BE9-4AF0-924C-1EC820BF6E28}.Debug|x64.Build.0 = Debug|x64
		{F5FE74E2-3BE9-4AF0-924C-1EC820BF6E28}.Release|x64.ActiveCfg = Release|x64
		{F5FE74E2-3BE9-4AF0-924C-1EC820BF6E28}.Release|x64.Build.0 = Release|x64
	EndGlobalSection
	GlobalSection(SolutionProperties) = preSolution
		HideSolutionNode = FALSE
	EndGlobalSection
	GlobalSection(ExtensibilityGlobals) = postSolution
		SolutionGuid = {D57DF002-2410-44EC-97C1-A93C21E0A230}
	EndGlobalSection
EndGlobal
